// !$*UTF8*$!
{
	archiveVersion = 1;
	classes = {
	};
	objectVersion = 56;
	objects = {

/* Begin PBXBuildFile section */
		1A06FEFB292BC62700C7A87F /* AppDelegate.swift in Sources */ = {isa = PBXBuildFile; fileRef = 1A06FEFA292BC62700C7A87F /* AppDelegate.swift */; };
		1A06FEFD292BC62700C7A87F /* SceneDelegate.swift in Sources */ = {isa = PBXBuildFile; fileRef = 1A06FEFC292BC62700C7A87F /* SceneDelegate.swift */; };
		1A06FEFF292BC62700C7A87F /* ViewController.swift in Sources */ = {isa = PBXBuildFile; fileRef = 1A06FEFE292BC62700C7A87F /* ViewController.swift */; };
		1A06FF02292BC62700C7A87F /* Main.storyboard in Resources */ = {isa = PBXBuildFile; fileRef = 1A06FF00292BC62700C7A87F /* Main.storyboard */; };
		1A06FF04292BC62900C7A87F /* Assets.xcassets in Resources */ = {isa = PBXBuildFile; fileRef = 1A06FF03292BC62900C7A87F /* Assets.xcassets */; };
		1A06FF07292BC62900C7A87F /* LaunchScreen.storyboard in Resources */ = {isa = PBXBuildFile; fileRef = 1A06FF05292BC62900C7A87F /* LaunchScreen.storyboard */; };
		1A06FF0F292BCF4000C7A87F /* SecondViewController.swift in Sources */ = {isa = PBXBuildFile; fileRef = 1A06FF0E292BCF4000C7A87F /* SecondViewController.swift */; };
		1AFDD04A292BE84C00776441 /* StructFilm.swift in Sources */ = {isa = PBXBuildFile; fileRef = 1AFDD049292BE84C00776441 /* StructFilm.swift */; };
		1AFDD04C292BE86400776441 /* StructSerieTv.swift in Sources */ = {isa = PBXBuildFile; fileRef = 1AFDD04B292BE86400776441 /* StructSerieTv.swift */; };
		1AFDD04E292BE8B200776441 /* DataBank.swift in Sources */ = {isa = PBXBuildFile; fileRef = 1AFDD04D292BE8B200776441 /* DataBank.swift */; };
		1AFDD050292BEEBE00776441 /* Cell1_TableViewCell.swift in Sources */ = {isa = PBXBuildFile; fileRef = 1AFDD04F292BEEBE00776441 /* Cell1_TableViewCell.swift */; };
		1AFDD052292BEEC800776441 /* Cell2_TableViewCell.swift in Sources */ = {isa = PBXBuildFile; fileRef = 1AFDD051292BEEC800776441 /* Cell2_TableViewCell.swift */; };
		1AFDD055292BFDBE00776441 /* Third_ViewController.swift in Sources */ = {isa = PBXBuildFile; fileRef = 1AFDD054292BFDBE00776441 /* Third_ViewController.swift */; };
/* End PBXBuildFile section */

/* Begin PBXFileReference section */
		1A06FEF7292BC62700C7A87F /* prova_esame.app */ = {isa = PBXFileReference; explicitFileType = wrapper.application; includeInIndex = 0; path = prova_esame.app; sourceTree = BUILT_PRODUCTS_DIR; };
		1A06FEFA292BC62700C7A87F /* AppDelegate.swift */ = {isa = PBXFileReference; lastKnownFileType = sourcecode.swift; path = AppDelegate.swift; sourceTree = "<group>"; };
		1A06FEFC292BC62700C7A87F /* SceneDelegate.swift */ = {isa = PBXFileReference; lastKnownFileType = sourcecode.swift; path = SceneDelegate.swift; sourceTree = "<group>"; };
		1A06FEFE292BC62700C7A87F /* ViewController.swift */ = {isa = PBXFileReference; lastKnownFileType = sourcecode.swift; path = ViewController.swift; sourceTree = "<group>"; };
		1A06FF01292BC62700C7A87F /* Base */ = {isa = PBXFileReference; lastKnownFileType = file.storyboard; name = Base; path = Base.lproj/Main.storyboard; sourceTree = "<group>"; };
		1A06FF03292BC62900C7A87F /* Assets.xcassets */ = {isa = PBXFileReference; lastKnownFileType = folder.assetcatalog; path = Assets.xcassets; sourceTree = "<group>"; };
		1A06FF06292BC62900C7A87F /* Base */ = {isa = PBXFileReference; lastKnownFileType = file.storyboard; name = Base; path = Base.lproj/LaunchScreen.storyboard; sourceTree = "<group>"; };
		1A06FF08292BC62900C7A87F /* Info.plist */ = {isa = PBXFileReference; lastKnownFileType = text.plist.xml; path = Info.plist; sourceTree = "<group>"; };
		1A06FF0E292BCF4000C7A87F /* SecondViewController.swift */ = {isa = PBXFileReference; lastKnownFileType = sourcecode.swift; path = SecondViewController.swift; sourceTree = "<group>"; };
		1AFDD049292BE84C00776441 /* StructFilm.swift */ = {isa = PBXFileReference; lastKnownFileType = sourcecode.swift; path = StructFilm.swift; sourceTree = "<group>"; };
		1AFDD04B292BE86400776441 /* StructSerieTv.swift */ = {isa = PBXFileReference; lastKnownFileType = sourcecode.swift; path = StructSerieTv.swift; sourceTree = "<group>"; };
		1AFDD04D292BE8B200776441 /* DataBank.swift */ = {isa = PBXFileReference; lastKnownFileType = sourcecode.swift; path = DataBank.swift; sourceTree = "<group>"; };
		1AFDD04F292BEEBE00776441 /* Cell1_TableViewCell.swift */ = {isa = PBXFileReference; lastKnownFileType = sourcecode.swift; path = Cell1_TableViewCell.swift; sourceTree = "<group>"; };
		1AFDD051292BEEC800776441 /* Cell2_TableViewCell.swift */ = {isa = PBXFileReference; lastKnownFileType = sourcecode.swift; path = Cell2_TableViewCell.swift; sourceTree = "<group>"; };
		1AFDD054292BFDBE00776441 /* Third_ViewController.swift */ = {isa = PBXFileReference; lastKnownFileType = sourcecode.swift; path = Third_ViewController.swift; sourceTree = "<group>"; };
/* End PBXFileReference section */

/* Begin PBXFrameworksBuildPhase section */
		1A06FEF4292BC62700C7A87F /* Frameworks */ = {
			isa = PBXFrameworksBuildPhase;
			buildActionMask = 2147483647;
			files = (
			);
			runOnlyForDeploymentPostprocessing = 0;
		};
/* End PBXFrameworksBuildPhase section */

/* Begin PBXGroup section */
		1A06FEEE292BC62700C7A87F = {
			isa = PBXGroup;
			children = (
				1A06FEF9292BC62700C7A87F /* prova_esame */,
				1A06FEF8292BC62700C7A87F /* Products */,
			);
			sourceTree = "<group>";
		};
		1A06FEF8292BC62700C7A87F /* Products */ = {
			isa = PBXGroup;
			children = (
				1A06FEF7292BC62700C7A87F /* prova_esame.app */,
			);
			name = Products;
			sourceTree = "<group>";
		};
		1A06FEF9292BC62700C7A87F /* prova_esame */ = {
			isa = PBXGroup;
			children = (
				1A06FEFA292BC62700C7A87F /* AppDelegate.swift */,
				1A06FEFC292BC62700C7A87F /* SceneDelegate.swift */,
				1A06FEFE292BC62700C7A87F /* ViewController.swift */,
				1A06FF10292BD45100C7A87F /* SecondVC */,
				1AFDD053292BFD9800776441 /* ThirdVC */,
				1A06FF00292BC62700C7A87F /* Main.storyboard */,
				1A06FF03292BC62900C7A87F /* Assets.xcassets */,
				1A06FF05292BC62900C7A87F /* LaunchScreen.storyboard */,
				1A06FF08292BC62900C7A87F /* Info.plist */,
				1AFDD048292BD95100776441 /* Data */,
			);
			path = prova_esame;
			sourceTree = "<group>";
		};
		1A06FF10292BD45100C7A87F /* SecondVC */ = {
			isa = PBXGroup;
			children = (
				1A06FF0E292BCF4000C7A87F /* SecondViewController.swift */,
				1A06FF11292BD46300C7A87F /* Cell1 */,
				1A06FF12292BD46C00C7A87F /* Cell2 */,
			);
			path = SecondVC;
			sourceTree = "<group>";
		};
		1A06FF11292BD46300C7A87F /* Cell1 */ = {
			isa = PBXGroup;
			children = (
				1AFDD04F292BEEBE00776441 /* Cell1_TableViewCell.swift */,
			);
			path = Cell1;
			sourceTree = "<group>";
		};
		1A06FF12292BD46C00C7A87F /* Cell2 */ = {
			isa = PBXGroup;
			children = (
				1AFDD051292BEEC800776441 /* Cell2_TableViewCell.swift */,
			);
			path = Cell2;
			sourceTree = "<group>";
		};
		1AFDD048292BD95100776441 /* Data */ = {
			isa = PBXGroup;
			children = (
				1AFDD049292BE84C00776441 /* StructFilm.swift */,
				1AFDD04B292BE86400776441 /* StructSerieTv.swift */,
				1AFDD04D292BE8B200776441 /* DataBank.swift */,
			);
			path = Data;
			sourceTree = "<group>";
		};
		1AFDD053292BFD9800776441 /* ThirdVC */ = {
			isa = PBXGroup;
			children = (
				1AFDD054292BFDBE00776441 /* Third_ViewController.swift */,
			);
			path = ThirdVC;
			sourceTree = "<group>";
		};
/* End PBXGroup section */

/* Begin PBXNativeTarget section */
		1A06FEF6292BC62700C7A87F /* prova_esame */ = {
			isa = PBXNativeTarget;
			buildConfigurationList = 1A06FF0B292BC62900C7A87F /* Build configuration list for PBXNativeTarget "prova_esame" */;
			buildPhases = (
				1A06FEF3292BC62700C7A87F /* Sources */,
				1A06FEF4292BC62700C7A87F /* Frameworks */,
				1A06FEF5292BC62700C7A87F /* Resources */,
			);
			buildRules = (
			);
			dependencies = (
			);
			name = prova_esame;
			productName = prova_esame;
			productReference = 1A06FEF7292BC62700C7A87F /* prova_esame.app */;
			productType = "com.apple.product-type.application";
		};
/* End PBXNativeTarget section */

/* Begin PBXProject section */
		1A06FEEF292BC62700C7A87F /* Project object */ = {
			isa = PBXProject;
			attributes = {
				BuildIndependentTargetsInParallel = 1;
				LastSwiftUpdateCheck = 1400;
				LastUpgradeCheck = 1400;
				TargetAttributes = {
					1A06FEF6292BC62700C7A87F = {
						CreatedOnToolsVersion = 14.0.1;
					};
				};
			};
			buildConfigurationList = 1A06FEF2292BC62700C7A87F /* Build configuration list for PBXProject "prova_esame" */;
			compatibilityVersion = "Xcode 14.0";
			developmentRegion = en;
			hasScannedForEncodings = 0;
			knownRegions = (
				en,
				Base,
			);
			mainGroup = 1A06FEEE292BC62700C7A87F;
			productRefGroup = 1A06FEF8292BC62700C7A87F /* Products */;
			projectDirPath = "";
			projectRoot = "";
			targets = (
				1A06FEF6292BC62700C7A87F /* prova_esame */,
			);
		};
/* End PBXProject section */

/* Begin PBXResourcesBuildPhase section */
		1A06FEF5292BC62700C7A87F /* Resources */ = {
			isa = PBXResourcesBuildPhase;
			buildActionMask = 2147483647;
			files = (
				1A06FF07292BC62900C7A87F /* LaunchScreen.storyboard in Resources */,
				1A06FF04292BC62900C7A87F /* Assets.xcassets in Resources */,
				1A06FF02292BC62700C7A87F /* Main.storyboard in Resources */,
			);
			runOnlyForDeploymentPostprocessing = 0;
		};
/* End PBXResourcesBuildPhase section */

/* Begin PBXSourcesBuildPhase section */
		1A06FEF3292BC62700C7A87F /* Sources */ = {
			isa = PBXSourcesBuildPhase;
			buildActionMask = 2147483647;
			files = (
				1A06FF0F292BCF4000C7A87F /* SecondViewController.swift in Sources */,
				1A06FEFF292BC62700C7A87F /* ViewController.swift in Sources */,
				1AFDD055292BFDBE00776441 /* Third_ViewController.swift in Sources */,
				1AFDD04E292BE8B200776441 /* DataBank.swift in Sources */,
				1A06FEFB292BC62700C7A87F /* AppDelegate.swift in Sources */,
				1AFDD052292BEEC800776441 /* Cell2_TableViewCell.swift in Sources */,
				1A06FEFD292BC62700C7A87F /* SceneDelegate.swift in Sources */,
				1AFDD04C292BE86400776441 /* StructSerieTv.swift in Sources */,
				1AFDD04A292BE84C00776441 /* StructFilm.swift in Sources */,
				1AFDD050292BEEBE00776441 /* Cell1_TableViewCell.swift in Sources */,
			);
			runOnlyForDeploymentPostprocessing = 0;
		};
/* End PBXSourcesBuildPhase section */

/* Begin PBXVariantGroup section */
		1A06FF00292BC62700C7A87F /* Main.storyboard */ = {
			isa = PBXVariantGroup;
			children = (
				1A06FF01292BC62700C7A87F /* Base */,
			);
			name = Main.storyboard;
			sourceTree = "<group>";
		};
		1A06FF05292BC62900C7A87F /* LaunchScreen.storyboard */ = {
			isa = PBXVariantGroup;
			children = (
				1A06FF06292BC62900C7A87F /* Base */,
			);
			name = LaunchScreen.storyboard;
			sourceTree = "<group>";
		};
/* End PBXVariantGroup section */

/* Begin XCBuildConfiguration section */
		1A06FF09292BC62900C7A87F /* Debug */ = {
			isa = XCBuildConfiguration;
			buildSettings = {
				ALWAYS_SEARCH_USER_PATHS = NO;
				CLANG_ANALYZER_NONNULL = YES;
				CLANG_ANALYZER_NUMBER_OBJECT_CONVERSION = YES_AGGRESSIVE;
				CLANG_CXX_LANGUAGE_STANDARD = "gnu++20";
				CLANG_ENABLE_MODULES = YES;
				CLANG_ENABLE_OBJC_ARC = YES;
				CLANG_ENABLE_OBJC_WEAK = YES;
				CLANG_WARN_BLOCK_CAPTURE_AUTORELEASING = YES;
				CLANG_WARN_BOOL_CONVERSION = YES;
				CLANG_WARN_COMMA = YES;
				CLANG_WARN_CONSTANT_CONVERSION = YES;
				CLANG_WARN_DEPRECATED_OBJC_IMPLEMENTATIONS = YES;
				CLANG_WARN_DIRECT_OBJC_ISA_USAGE = YES_ERROR;
				CLANG_WARN_DOCUMENTATION_COMMENTS = YES;
				CLANG_WARN_EMPTY_BODY = YES;
				CLANG_WARN_ENUM_CONVERSION = YES;
				CLANG_WARN_INFINITE_RECURSION = YES;
				CLANG_WARN_INT_CONVERSION = YES;
				CLANG_WARN_NON_LITERAL_NULL_CONVERSION = YES;
				CLANG_WARN_OBJC_IMPLICIT_RETAIN_SELF = YES;
				CLANG_WARN_OBJC_LITERAL_CONVERSION = YES;
				CLANG_WARN_OBJC_ROOT_CLASS = YES_ERROR;
				CLANG_WARN_QUOTED_INCLUDE_IN_FRAMEWORK_HEADER = YES;
				CLANG_WARN_RANGE_LOOP_ANALYSIS = YES;
				CLANG_WARN_STRICT_PROTOTYPES = YES;
				CLANG_WARN_SUSPICIOUS_MOVE = YES;
				CLANG_WARN_UNGUARDED_AVAILABILITY = YES_AGGRESSIVE;
				CLANG_WARN_UNREACHABLE_CODE = YES;
				CLANG_WARN__DUPLICATE_METHOD_MATCH = YES;
				COPY_PHASE_STRIP = NO;
				DEBUG_INFORMATION_FORMAT = dwarf;
				ENABLE_STRICT_OBJC_MSGSEND = YES;
				ENABLE_TESTABILITY = YES;
				GCC_C_LANGUAGE_STANDARD = gnu11;
				GCC_DYNAMIC_NO_PIC = NO;
				GCC_NO_COMMON_BLOCKS = YES;
				GCC_OPTIMIZATION_LEVEL = 0;
				GCC_PREPROCESSOR_DEFINITIONS = (
					"DEBUG=1",
					"$(inherited)",
				);
				GCC_WARN_64_TO_32_BIT_CONVERSION = YES;
				GCC_WARN_ABOUT_RETURN_TYPE = YES_ERROR;
				GCC_WARN_UNDECLARED_SELECTOR = YES;
				GCC_WARN_UNINITIALIZED_AUTOS = YES_AGGRESSIVE;
				GCC_WARN_UNUSED_FUNCTION = YES;
				GCC_WARN_UNUSED_VARIABLE = YES;
				IPHONEOS_DEPLOYMENT_TARGET = 16.0;
				MTL_ENABLE_DEBUG_INFO = INCLUDE_SOURCE;
				MTL_FAST_MATH = YES;
				ONLY_ACTIVE_ARCH = YES;
				SDKROOT = iphoneos;
				SWIFT_ACTIVE_COMPILATION_CONDITIONS = DEBUG;
				SWIFT_OPTIMIZATION_LEVEL = "-Onone";
			};
			name = Debug;
		};
		1A06FF0A292BC62900C7A87F /* Release */ = {
			isa = XCBuildConfiguration;
			buildSettings = {
				ALWAYS_SEARCH_USER_PATHS = NO;
				CLANG_ANALYZER_NONNULL = YES;
				CLANG_ANALYZER_NUMBER_OBJECT_CONVERSION = YES_AGGRESSIVE;
				CLANG_CXX_LANGUAGE_STANDARD = "gnu++20";
				CLANG_ENABLE_MODULES = YES;
				CLANG_ENABLE_OBJC_ARC = YES;
				CLANG_ENABLE_OBJC_WEAK = YES;
				CLANG_WARN_BLOCK_CAPTURE_AUTORELEASING = YES;
				CLANG_WARN_BOOL_CONVERSION = YES;
				CLANG_WARN_COMMA = YES;
				CLANG_WARN_CONSTANT_CONVERSION = YES;
				CLANG_WARN_DEPRECATED_OBJC_IMPLEMENTATIONS = YES;
				CLANG_WARN_DIRECT_OBJC_ISA_USAGE = YES_ERROR;
				CLANG_WARN_DOCUMENTATION_COMMENTS = YES;
				CLANG_WARN_EMPTY_BODY = YES;
				CLANG_WARN_ENUM_CONVERSION = YES;
				CLANG_WARN_INFINITE_RECURSION = YES;
				CLANG_WARN_INT_CONVERSION = YES;
				CLANG_WARN_NON_LITERAL_NULL_CONVERSION = YES;
				CLANG_WARN_OBJC_IMPLICIT_RETAIN_SELF = YES;
				CLANG_WARN_OBJC_LITERAL_CONVERSION = YES;
				CLANG_WARN_OBJC_ROOT_CLASS = YES_ERROR;
				CLANG_WARN_QUOTED_INCLUDE_IN_FRAMEWORK_HEADER = YES;
				CLANG_WARN_RANGE_LOOP_ANALYSIS = YES;
				CLANG_WARN_STRICT_PROTOTYPES = YES;
				CLANG_WARN_SUSPICIOUS_MOVE = YES;
				CLANG_WARN_UNGUARDED_AVAILABILITY = YES_AGGRESSIVE;
				CLANG_WARN_UNREACHABLE_CODE = YES;
				CLANG_WARN__DUPLICATE_METHOD_MATCH = YES;
				COPY_PHASE_STRIP = NO;
				DEBUG_INFORMATION_FORMAT = "dwarf-with-dsym";
				ENABLE_NS_ASSERTIONS = NO;
				ENABLE_STRICT_OBJC_MSGSEND = YES;
				GCC_C_LANGUAGE_STANDARD = gnu11;
				GCC_NO_COMMON_BLOCKS = YES;
				GCC_WARN_64_TO_32_BIT_CONVERSION = YES;
				GCC_WARN_ABOUT_RETURN_TYPE = YES_ERROR;
				GCC_WARN_UNDECLARED_SELECTOR = YES;
				GCC_WARN_UNINITIALIZED_AUTOS = YES_AGGRESSIVE;
				GCC_WARN_UNUSED_FUNCTION = YES;
				GCC_WARN_UNUSED_VARIABLE = YES;
				IPHONEOS_DEPLOYMENT_TARGET = 16.0;
				MTL_ENABLE_DEBUG_INFO = NO;
				MTL_FAST_MATH = YES;
				SDKROOT = iphoneos;
				SWIFT_COMPILATION_MODE = wholemodule;
				SWIFT_OPTIMIZATION_LEVEL = "-O";
				VALIDATE_PRODUCT = YES;
			};
			name = Release;
		};
		1A06FF0C292BC62900C7A87F /* Debug */ = {
			isa = XCBuildConfiguration;
			buildSettings = {
				ASSETCATALOG_COMPILER_APPICON_NAME = AppIcon;
				ASSETCATALOG_COMPILER_GLOBAL_ACCENT_COLOR_NAME = AccentColor;
				CODE_SIGN_STYLE = Automatic;
				CURRENT_PROJECT_VERSION = 1;
				DEVELOPMENT_TEAM = 69SJ8JJ2RH;
				GENERATE_INFOPLIST_FILE = YES;
				INFOPLIST_FILE = prova_esame/Info.plist;
				INFOPLIST_KEY_UIApplicationSupportsIndirectInputEvents = YES;
				INFOPLIST_KEY_UILaunchStoryboardName = LaunchScreen;
				INFOPLIST_KEY_UIMainStoryboardFile = Main;
				INFOPLIST_KEY_UISupportedInterfaceOrientations_iPad = "UIInterfaceOrientationPortrait UIInterfaceOrientationPortraitUpsideDown UIInterfaceOrientationLandscapeLeft UIInterfaceOrientationLandscapeRight";
				INFOPLIST_KEY_UISupportedInterfaceOrientations_iPhone = "UIInterfaceOrientationPortrait UIInterfaceOrientationLandscapeLeft UIInterfaceOrientationLandscapeRight";
				LD_RUNPATH_SEARCH_PATHS = (
					"$(inherited)",
					"@executable_path/Frameworks",
				);
				MARKETING_VERSION = 1.0;
				PRODUCT_BUNDLE_IDENTIFIER = "com.federico.prova-esame";
				PRODUCT_NAME = "$(TARGET_NAME)";
				SWIFT_EMIT_LOC_STRINGS = YES;
				SWIFT_VERSION = 5.0;
				TARGETED_DEVICE_FAMILY = "1,2";
			};
			name = Debug;
		};
		1A06FF0D292BC62900C7A87F /* Release */ = {
			isa = XCBuildConfiguration;
			buildSettings = {
				ASSETCATALOG_COMPILER_APPICON_NAME = AppIcon;
				ASSETCATALOG_COMPILER_GLOBAL_ACCENT_COLOR_NAME = AccentColor;
				CODE_SIGN_STYLE = Automatic;
				CURRENT_PROJECT_VERSION = 1;
				DEVELOPMENT_TEAM = 69SJ8JJ2RH;
				GENERATE_INFOPLIST_FILE = YES;
				INFOPLIST_FILE = prova_esame/Info.plist;
				INFOPLIST_KEY_UIApplicationSupportsIndirectInputEvents = YES;
				INFOPLIST_KEY_UILaunchStoryboardName = LaunchScreen;
				INFOPLIST_KEY_UIMainStoryboardFile = Main;
				INFOPLIST_KEY_UISupportedInterfaceOrientations_iPad = "UIInterfaceOrientationPortrait UIInterfaceOrientationPortraitUpsideDown UIInterfaceOrientationLandscapeLeft UIInterfaceOrientationLandscapeRight";
				INFOPLIST_KEY_UISupportedInterfaceOrientations_iPhone = "UIInterfaceOrientationPortrait UIInterfaceOrientationLandscapeLeft UIInterfaceOrientationLandscapeRight";
				LD_RUNPATH_SEARCH_PATHS = (
					"$(inherited)",
					"@executable_path/Frameworks",
				);
				MARKETING_VERSION = 1.0;
				PRODUCT_BUNDLE_IDENTIFIER = "com.federico.prova-esame";
				PRODUCT_NAME = "$(TARGET_NAME)";
				SWIFT_EMIT_LOC_STRINGS = YES;
				SWIFT_VERSION = 5.0;
				TARGETED_DEVICE_FAMILY = "1,2";
			};
			name = Release;
		};
/* End XCBuildConfiguration section */

/* Begin XCConfigurationList section */
		1A06FEF2292BC62700C7A87F /* Build configuration list for PBXProject "prova_esame" */ = {
			isa = XCConfigurationList;
			buildConfigurations = (
				1A06FF09292BC62900C7A87F /* Debug */,
				1A06FF0A292BC62900C7A87F /* Release */,
			);
			defaultConfigurationIsVisible = 0;
			defaultConfigurationName = Release;
		};
		1A06FF0B292BC62900C7A87F /* Build configuration list for PBXNativeTarget "prova_esame" */ = {
			isa = XCConfigurationList;
			buildConfigurations = (
				1A06FF0C292BC62900C7A87F /* Debug */,
				1A06FF0D292BC62900C7A87F /* Release */,
			);
			defaultConfigurationIsVisible = 0;
			defaultConfigurationName = Release;
		};
/* End XCConfigurationList section */
	};
	rootObject = 1A06FEEF292BC62700C7A87F /* Project object */;
}
